
Microsoft Visual Studio Solution File, Format Version 12.00
# Visual Studio 14
VisualStudioVersion = 14.0.25123.0
MinimumVisualStudioVersion = 10.0.40219.1
Project("{FAE04EC0-301F-11D3-BF4B-00C04F79EFBC}") = "Engine", "Engine\Engine.csproj", "{FC215C5F-AC0D-4514-8603-79C9C4248777}"
EndProject
Project("{FAE04EC0-301F-11D3-BF4B-00C04F79EFBC}") = "ConsoleApp", "ConsoleApp\ConsoleApp.csproj", "{74BAC57E-C1C8-4F60-8747-C1232FA9CE37}"
EndProject
Project("{FAE04EC0-301F-11D3-BF4B-00C04F79EFBC}") = "Engine.Tests", "Engine.Tests\Engine.Tests.csproj", "{3AF4BD32-CBFD-4F29-8261-96C71BFF3D90}"
EndProject
Global
	GlobalSection(SolutionConfigurationPlatforms) = preSolution
		Debug|Any CPU = Debug|Any CPU
		Release|Any CPU = Release|Any CPU
	EndGlobalSection
	GlobalSection(ProjectConfigurationPlatforms) = postSolution
		{FC215C5F-AC0D-4514-8603-79C9C4248777}.Debug|Any CPU.ActiveCfg = Debug|Any CPU
		{FC215C5F-AC0D-4514-8603-79C9C4248777}.Debug|Any CPU.Build.0 = Debug|Any CPU
		{FC215C5F-AC0D-4514-8603-79C9C4248777}.Release|Any CPU.ActiveCfg = Release|Any CPU
		{FC215C5F-AC0D-4514-8603-79C9C4248777}.Release|Any CPU.Build.0 = Release|Any CPU
		{74BAC57E-C1C8-4F60-8747-C1232FA9CE37}.Debug|Any CPU.ActiveCfg = Debug|Any CPU
		{74BAC57E-C1C8-4F60-8747-C1232FA9CE37}.Debug|Any CPU.Build.0 = Debug|Any CPU
		{74BAC57E-C1C8-4F60-8747-C1232FA9CE37}.Release|Any CPU.ActiveCfg = Release|Any CPU
		{74BAC57E-C1C8-4F60-8747-C1232FA9CE37}.Release|Any CPU.Build.0 = Release|Any CPU
		{3AF4BD32-CBFD-4F29-8261-96C71BFF3D90}.Debug|Any CPU.ActiveCfg = Debug|Any CPU
		{3AF4BD32-CBFD-4F29-8261-96C71BFF3D90}.Debug|Any CPU.Build.0 = Debug|Any CPU
		{3AF4BD32-CBFD-4F29-8261-96C71BFF3D90}.Release|Any CPU.ActiveCfg = Release|Any CPU
		{3AF4BD32-CBFD-4F29-8261-96C71BFF3D90}.Release|Any CPU.Build.0 = Release|Any CPU
	EndGlobalSection
	GlobalSection(SolutionProperties) = preSolution
		HideSolutionNode = FALSE
	EndGlobalSection
EndGlobal
